
Microsoft Visual Studio Solution File, Format Version 12.00
# Visual Studio 15
VisualStudioVersion = 15.0.28307.136
MinimumVisualStudioVersion = 10.0.40219.1
Project("{FAE04EC0-301F-11D3-BF4B-00C04F79EFBC}") = "TodosApi", "TodosApi\TodosApi.csproj", "{756ED878-A32C-4725-A8A8-4D4A1DE6A529}"
EndProject
Global
	GlobalSection(SolutionConfigurationPlatforms) = preSolution
		Debug|Any CPU = Debug|Any CPU
		Release|Any CPU = Release|Any CPU
	EndGlobalSection
	GlobalSection(ProjectConfigurationPlatforms) = postSolution
		{756ED878-A32C-4725-A8A8-4D4A1DE6A529}.Debug|Any CPU.ActiveCfg = Debug|Any CPU
		{756ED878-A32C-4725-A8A8-4D4A1DE6A529}.Debug|Any CPU.Build.0 = Debug|Any CPU
		{756ED878-A32C-4725-A8A8-4D4A1DE6A529}.Release|Any CPU.ActiveCfg = Release|Any CPU
		{756ED878-A32C-4725-A8A8-4D4A1DE6A529}.Release|Any CPU.Build.0 = Release|Any CPU
	EndGlobalSection
	GlobalSection(SolutionProperties) = preSolution
		HideSolutionNode = FALSE
	EndGlobalSection
	GlobalSection(ExtensibilityGlobals) = postSolution
		SolutionGuid = {2179D8C8-6811-4760-8565-F4BB262AB4DF}
	EndGlobalSection
EndGlobal
